
Microsoft Visual Studio Solution File, Format Version 12.00
# Visual Studio Version 17
VisualStudioVersion = 17.9.34622.214
MinimumVisualStudioVersion = 10.0.40219.1
Project("{FAE04EC0-301F-11D3-BF4B-00C04F79EFBC}") = "PanaderiaMj", "PanaderiaMj\PanaderiaMj\PanaderiaMj.csproj", "{5FFE3725-FB00-47BF-B313-06F09F789AD0}"
EndProject
Project("{FAE04EC0-301F-11D3-BF4B-00C04F79EFBC}") = "PanaderiaMj.Client", "PanaderiaMj\PanaderiaMj.Client\PanaderiaMj.Client.csproj", "{3B3C130B-D916-4DC6-84D9-9BED42EF44FB}"
EndProject
Global
	GlobalSection(SolutionConfigurationPlatforms) = preSolution
		Debug|Any CPU = Debug|Any CPU
		Release|Any CPU = Release|Any CPU
	EndGlobalSection
	GlobalSection(ProjectConfigurationPlatforms) = postSolution
		{5FFE3725-FB00-47BF-B313-06F09F789AD0}.Debug|Any CPU.ActiveCfg = Debug|Any CPU
		{5FFE3725-FB00-47BF-B313-06F09F789AD0}.Debug|Any CPU.Build.0 = Debug|Any CPU
		{5FFE3725-FB00-47BF-B313-06F09F789AD0}.Release|Any CPU.ActiveCfg = Release|Any CPU
		{5FFE3725-FB00-47BF-B313-06F09F789AD0}.Release|Any CPU.Build.0 = Release|Any CPU
		{3B3C130B-D916-4DC6-84D9-9BED42EF44FB}.Debug|Any CPU.ActiveCfg = Debug|Any CPU
		{3B3C130B-D916-4DC6-84D9-9BED42EF44FB}.Debug|Any CPU.Build.0 = Debug|Any CPU
		{3B3C130B-D916-4DC6-84D9-9BED42EF44FB}.Release|Any CPU.ActiveCfg = Release|Any CPU
		{3B3C130B-D916-4DC6-84D9-9BED42EF44FB}.Release|Any CPU.Build.0 = Release|Any CPU
	EndGlobalSection
	GlobalSection(SolutionProperties) = preSolution
		HideSolutionNode = FALSE
	EndGlobalSection
	GlobalSection(ExtensibilityGlobals) = postSolution
		SolutionGuid = {3B6FA48F-F29B-41B4-8C85-1677D310E567}
	EndGlobalSection
EndGlobal
